
Microsoft Visual Studio Solution File, Format Version 12.00
# Visual Studio Version 17
VisualStudioVersion = 17.8.34330.188
MinimumVisualStudioVersion = 10.0.40219.1
Project("{2150E333-8FDC-42A3-9474-1A3956D46DE8}") = "engines", "engines", "{E34BDA63-AFD3-4043-91AB-8ABE5FB9FB6D}"
EndProject
Project("{8BC9CEB8-8B4A-11D0-8D11-00A0C91BC942}") = "v1_0", "v1_0\v1_0.vcxproj", "{8FA35276-5A75-4A9A-8AD6-2DBDE7010321}"
EndProject
Project("{8BC9CEB8-8B4A-11D0-8D11-00A0C91BC942}") = "base", "base\base.vcxproj", "{A5640B1B-10A6-4B86-8CEE-02B12C0C713C}"
EndProject
Project("{8BC9CEB8-8B4A-11D0-8D11-00A0C91BC942}") = "graphical_demo", "graphical_demo\graphical_demo.vcxproj", "{B81C7600-6386-4E53-9229-91FEF8952395}"
EndProject
Project("{8BC9CEB8-8B4A-11D0-8D11-00A0C91BC942}") = "engine_test", "engine_test\engine_test.vcxproj", "{945B7D76-1757-44F3-A95F-6C783E640506}"
EndProject
Project("{8BC9CEB8-8B4A-11D0-8D11-00A0C91BC942}") = "v1_1", "v1_1\v1_1.vcxproj", "{B06A93FE-3A17-4718-846F-41F7AB531D6B}"
EndProject
Project("{8BC9CEB8-8B4A-11D0-8D11-00A0C91BC942}") = "v1_2", "v1_2\v1_2.vcxproj", "{B1886C03-04C8-4C48-9D79-93260D527DB2}"
EndProject
Project("{2150E333-8FDC-42A3-9474-1A3956D46DE8}") = "precomputing", "precomputing", "{28D32367-74B3-4654-8C3C-37F86A4DD23B}"
EndProject
Project("{8BC9CEB8-8B4A-11D0-8D11-00A0C91BC942}") = "peice_mask_generation", "peice_mask_generation\peice_mask_generation.vcxproj", "{8CA24B2E-EA64-48CB-96C5-6FE0D6C99832}"
EndProject
Project("{8BC9CEB8-8B4A-11D0-8D11-00A0C91BC942}") = "direction_bounds_generation", "direction_bounds_generation\direction_bounds_generation.vcxproj", "{9C68FD9F-5043-49E0-AAD0-6D158462B926}"
EndProject
Project("{8BC9CEB8-8B4A-11D0-8D11-00A0C91BC942}") = "king_moves_generation", "king_moves_generation\king_moves_generation.vcxproj", "{096D6388-00E4-4498-B22C-EAB3362E40C7}"
EndProject
Project("{8BC9CEB8-8B4A-11D0-8D11-00A0C91BC942}") = "knight_move_generation", "knight_move_generation\knight_move_generation.vcxproj", "{1327C4CD-519C-4256-B530-E06864E6AF93}"
EndProject
Project("{8BC9CEB8-8B4A-11D0-8D11-00A0C91BC942}") = "zobrist_key_generation", "zobrist_key_generation\zobrist_key_generation.vcxproj", "{D4F42E02-4412-4E3F-8980-FCA31058632E}"
EndProject
Project("{8BC9CEB8-8B4A-11D0-8D11-00A0C91BC942}") = "graphical_board", "graphical_board\graphical_board.vcxproj", "{5F5CE7AC-7F17-4ADA-8CA8-C96B724FE16C}"
EndProject
Global
	GlobalSection(SolutionConfigurationPlatforms) = preSolution
		Debug|x64 = Debug|x64
		Debug|x86 = Debug|x86
		Release|x64 = Release|x64
		Release|x86 = Release|x86
	EndGlobalSection
	GlobalSection(ProjectConfigurationPlatforms) = postSolution
		{8FA35276-5A75-4A9A-8AD6-2DBDE7010321}.Debug|x64.ActiveCfg = Debug|x64
		{8FA35276-5A75-4A9A-8AD6-2DBDE7010321}.Debug|x64.Build.0 = Debug|x64
		{8FA35276-5A75-4A9A-8AD6-2DBDE7010321}.Debug|x86.ActiveCfg = Debug|Win32
		{8FA35276-5A75-4A9A-8AD6-2DBDE7010321}.Debug|x86.Build.0 = Debug|Win32
		{8FA35276-5A75-4A9A-8AD6-2DBDE7010321}.Release|x64.ActiveCfg = Release|x64
		{8FA35276-5A75-4A9A-8AD6-2DBDE7010321}.Release|x64.Build.0 = Release|x64
		{8FA35276-5A75-4A9A-8AD6-2DBDE7010321}.Release|x86.ActiveCfg = Release|Win32
		{8FA35276-5A75-4A9A-8AD6-2DBDE7010321}.Release|x86.Build.0 = Release|Win32
		{A5640B1B-10A6-4B86-8CEE-02B12C0C713C}.Debug|x64.ActiveCfg = Debug|x64
		{A5640B1B-10A6-4B86-8CEE-02B12C0C713C}.Debug|x64.Build.0 = Debug|x64
		{A5640B1B-10A6-4B86-8CEE-02B12C0C713C}.Debug|x86.ActiveCfg = Debug|Win32
		{A5640B1B-10A6-4B86-8CEE-02B12C0C713C}.Debug|x86.Build.0 = Debug|Win32
		{A5640B1B-10A6-4B86-8CEE-02B12C0C713C}.Release|x64.ActiveCfg = Release|x64
		{A5640B1B-10A6-4B86-8CEE-02B12C0C713C}.Release|x64.Build.0 = Release|x64
		{A5640B1B-10A6-4B86-8CEE-02B12C0C713C}.Release|x86.ActiveCfg = Release|Win32
		{A5640B1B-10A6-4B86-8CEE-02B12C0C713C}.Release|x86.Build.0 = Release|Win32
		{B81C7600-6386-4E53-9229-91FEF8952395}.Debug|x64.ActiveCfg = Debug|x64
		{B81C7600-6386-4E53-9229-91FEF8952395}.Debug|x64.Build.0 = Debug|x64
		{B81C7600-6386-4E53-9229-91FEF8952395}.Debug|x86.ActiveCfg = Debug|Win32
		{B81C7600-6386-4E53-9229-91FEF8952395}.Debug|x86.Build.0 = Debug|Win32
		{B81C7600-6386-4E53-9229-91FEF8952395}.Release|x64.ActiveCfg = Release|x64
		{B81C7600-6386-4E53-9229-91FEF8952395}.Release|x64.Build.0 = Release|x64
		{B81C7600-6386-4E53-9229-91FEF8952395}.Release|x86.ActiveCfg = Release|Win32
		{B81C7600-6386-4E53-9229-91FEF8952395}.Release|x86.Build.0 = Release|Win32
		{945B7D76-1757-44F3-A95F-6C783E640506}.Debug|x64.ActiveCfg = Debug|x64
		{945B7D76-1757-44F3-A95F-6C783E640506}.Debug|x64.Build.0 = Debug|x64
		{945B7D76-1757-44F3-A95F-6C783E640506}.Debug|x86.ActiveCfg = Debug|Win32
		{945B7D76-1757-44F3-A95F-6C783E640506}.Debug|x86.Build.0 = Debug|Win32
		{945B7D76-1757-44F3-A95F-6C783E640506}.Release|x64.ActiveCfg = Release|x64
		{945B7D76-1757-44F3-A95F-6C783E640506}.Release|x64.Build.0 = Release|x64
		{945B7D76-1757-44F3-A95F-6C783E640506}.Release|x86.ActiveCfg = Release|Win32
		{945B7D76-1757-44F3-A95F-6C783E640506}.Release|x86.Build.0 = Release|Win32
		{B06A93FE-3A17-4718-846F-41F7AB531D6B}.Debug|x64.ActiveCfg = Debug|x64
		{B06A93FE-3A17-4718-846F-41F7AB531D6B}.Debug|x64.Build.0 = Debug|x64
		{B06A93FE-3A17-4718-846F-41F7AB531D6B}.Debug|x86.ActiveCfg = Debug|Win32
		{B06A93FE-3A17-4718-846F-41F7AB531D6B}.Debug|x86.Build.0 = Debug|Win32
		{B06A93FE-3A17-4718-846F-41F7AB531D6B}.Release|x64.ActiveCfg = Release|x64
		{B06A93FE-3A17-4718-846F-41F7AB531D6B}.Release|x64.Build.0 = Release|x64
		{B06A93FE-3A17-4718-846F-41F7AB531D6B}.Release|x86.ActiveCfg = Release|Win32
		{B06A93FE-3A17-4718-846F-41F7AB531D6B}.Release|x86.Build.0 = Release|Win32
		{B1886C03-04C8-4C48-9D79-93260D527DB2}.Debug|x64.ActiveCfg = Debug|x64
		{B1886C03-04C8-4C48-9D79-93260D527DB2}.Debug|x64.Build.0 = Debug|x64
		{B1886C03-04C8-4C48-9D79-93260D527DB2}.Debug|x86.ActiveCfg = Debug|Win32
		{B1886C03-04C8-4C48-9D79-93260D527DB2}.Debug|x86.Build.0 = Debug|Win32
		{B1886C03-04C8-4C48-9D79-93260D527DB2}.Release|x64.ActiveCfg = Release|x64
		{B1886C03-04C8-4C48-9D79-93260D527DB2}.Release|x64.Build.0 = Release|x64
		{B1886C03-04C8-4C48-9D79-93260D527DB2}.Release|x86.ActiveCfg = Release|Win32
		{B1886C03-04C8-4C48-9D79-93260D527DB2}.Release|x86.Build.0 = Release|Win32
		{8CA24B2E-EA64-48CB-96C5-6FE0D6C99832}.Debug|x64.ActiveCfg = Debug|x64
		{8CA24B2E-EA64-48CB-96C5-6FE0D6C99832}.Debug|x64.Build.0 = Debug|x64
		{8CA24B2E-EA64-48CB-96C5-6FE0D6C99832}.Debug|x86.ActiveCfg = Debug|Win32
		{8CA24B2E-EA64-48CB-96C5-6FE0D6C99832}.Debug|x86.Build.0 = Debug|Win32
		{8CA24B2E-EA64-48CB-96C5-6FE0D6C99832}.Release|x64.ActiveCfg = Release|x64
		{8CA24B2E-EA64-48CB-96C5-6FE0D6C99832}.Release|x64.Build.0 = Release|x64
		{8CA24B2E-EA64-48CB-96C5-6FE0D6C99832}.Release|x86.ActiveCfg = Release|Win32
		{8CA24B2E-EA64-48CB-96C5-6FE0D6C99832}.Release|x86.Build.0 = Release|Win32
		{9C68FD9F-5043-49E0-AAD0-6D158462B926}.Debug|x64.ActiveCfg = Debug|x64
		{9C68FD9F-5043-49E0-AAD0-6D158462B926}.Debug|x64.Build.0 = Debug|x64
		{9C68FD9F-5043-49E0-AAD0-6D158462B926}.Debug|x86.ActiveCfg = Debug|Win32
		{9C68FD9F-5043-49E0-AAD0-6D158462B926}.Debug|x86.Build.0 = Debug|Win32
		{9C68FD9F-5043-49E0-AAD0-6D158462B926}.Release|x64.ActiveCfg = Release|x64
		{9C68FD9F-5043-49E0-AAD0-6D158462B926}.Release|x64.Build.0 = Release|x64
		{9C68FD9F-5043-49E0-AAD0-6D158462B926}.Release|x86.ActiveCfg = Release|Win32
		{9C68FD9F-5043-49E0-AAD0-6D158462B926}.Release|x86.Build.0 = Release|Win32
		{096D6388-00E4-4498-B22C-EAB3362E40C7}.Debug|x64.ActiveCfg = Debug|x64
		{096D6388-00E4-4498-B22C-EAB3362E40C7}.Debug|x64.Build.0 = Debug|x64
		{096D6388-00E4-4498-B22C-EAB3362E40C7}.Debug|x86.ActiveCfg = Debug|Win32
		{096D6388-00E4-4498-B22C-EAB3362E40C7}.Debug|x86.Build.0 = Debug|Win32
		{096D6388-00E4-4498-B22C-EAB3362E40C7}.Release|x64.ActiveCfg = Release|x64
		{096D6388-00E4-4498-B22C-EAB3362E40C7}.Release|x64.Build.0 = Release|x64
		{096D6388-00E4-4498-B22C-EAB3362E40C7}.Release|x86.ActiveCfg = Release|Win32
		{096D6388-00E4-4498-B22C-EAB3362E40C7}.Release|x86.Build.0 = Release|Win32
		{1327C4CD-519C-4256-B530-E06864E6AF93}.Debug|x64.ActiveCfg = Debug|x64
		{1327C4CD-519C-4256-B530-E06864E6AF93}.Debug|x64.Build.0 = Debug|x64
		{1327C4CD-519C-4256-B530-E06864E6AF93}.Debug|x86.ActiveCfg = Debug|Win32
		{1327C4CD-519C-4256-B530-E06864E6AF93}.Debug|x86.Build.0 = Debug|Win32
		{1327C4CD-519C-4256-B530-E06864E6AF93}.Release|x64.ActiveCfg = Release|x64
		{1327C4CD-519C-4256-B530-E06864E6AF93}.Release|x64.Build.0 = Release|x64
		{1327C4CD-519C-4256-B530-E06864E6AF93}.Release|x86.ActiveCfg = Release|Win32
		{1327C4CD-519C-4256-B530-E06864E6AF93}.Release|x86.Build.0 = Release|Win32
		{D4F42E02-4412-4E3F-8980-FCA31058632E}.Debug|x64.ActiveCfg = Debug|x64
		{D4F42E02-4412-4E3F-8980-FCA31058632E}.Debug|x64.Build.0 = Debug|x64
		{D4F42E02-4412-4E3F-8980-FCA31058632E}.Debug|x86.ActiveCfg = Debug|Win32
		{D4F42E02-4412-4E3F-8980-FCA31058632E}.Debug|x86.Build.0 = Debug|Win32
		{D4F42E02-4412-4E3F-8980-FCA31058632E}.Release|x64.ActiveCfg = Release|x64
		{D4F42E02-4412-4E3F-8980-FCA31058632E}.Release|x64.Build.0 = Release|x64
		{D4F42E02-4412-4E3F-8980-FCA31058632E}.Release|x86.ActiveCfg = Release|Win32
		{D4F42E02-4412-4E3F-8980-FCA31058632E}.Release|x86.Build.0 = Release|Win32
		{5F5CE7AC-7F17-4ADA-8CA8-C96B724FE16C}.Debug|x64.ActiveCfg = Debug|x64
		{5F5CE7AC-7F17-4ADA-8CA8-C96B724FE16C}.Debug|x64.Build.0 = Debug|x64
		{5F5CE7AC-7F17-4ADA-8CA8-C96B724FE16C}.Debug|x86.ActiveCfg = Debug|Win32
		{5F5CE7AC-7F17-4ADA-8CA8-C96B724FE16C}.Debug|x86.Build.0 = Debug|Win32
		{5F5CE7AC-7F17-4ADA-8CA8-C96B724FE16C}.Release|x64.ActiveCfg = Release|x64
		{5F5CE7AC-7F17-4ADA-8CA8-C96B724FE16C}.Release|x64.Build.0 = Release|x64
		{5F5CE7AC-7F17-4ADA-8CA8-C96B724FE16C}.Release|x86.ActiveCfg = Release|Win32
		{5F5CE7AC-7F17-4ADA-8CA8-C96B724FE16C}.Release|x86.Build.0 = Release|Win32
	EndGlobalSection
	GlobalSection(SolutionProperties) = preSolution
		HideSolutionNode = FALSE
	EndGlobalSection
	GlobalSection(NestedProjects) = preSolution
		{8FA35276-5A75-4A9A-8AD6-2DBDE7010321} = {E34BDA63-AFD3-4043-91AB-8ABE5FB9FB6D}
		{B06A93FE-3A17-4718-846F-41F7AB531D6B} = {E34BDA63-AFD3-4043-91AB-8ABE5FB9FB6D}
		{B1886C03-04C8-4C48-9D79-93260D527DB2} = {E34BDA63-AFD3-4043-91AB-8ABE5FB9FB6D}
		{8CA24B2E-EA64-48CB-96C5-6FE0D6C99832} = {28D32367-74B3-4654-8C3C-37F86A4DD23B}
		{9C68FD9F-5043-49E0-AAD0-6D158462B926} = {28D32367-74B3-4654-8C3C-37F86A4DD23B}
		{096D6388-00E4-4498-B22C-EAB3362E40C7} = {28D32367-74B3-4654-8C3C-37F86A4DD23B}
		{1327C4CD-519C-4256-B530-E06864E6AF93} = {28D32367-74B3-4654-8C3C-37F86A4DD23B}
		{D4F42E02-4412-4E3F-8980-FCA31058632E} = {28D32367-74B3-4654-8C3C-37F86A4DD23B}
	EndGlobalSection
	GlobalSection(ExtensibilityGlobals) = postSolution
		SolutionGuid = {7E5356D0-9B82-4D05-A9C1-D58D6062DF5D}
	EndGlobalSection
EndGlobal
